
Microsoft Visual Studio Solution File, Format Version 12.00
# Visual Studio 14
VisualStudioVersion = 14.0.23107.0
MinimumVisualStudioVersion = 10.0.40219.1
Project("{FAE04EC0-301F-11D3-BF4B-00C04F79EFBC}") = "VodkaGaren", "VodkaGaren\VodkaGaren.csproj", "{6CE561E6-368D-4E58-BFBB-77F4E96EF5C5}"
EndProject
Project("{FAE04EC0-301F-11D3-BF4B-00C04F79EFBC}") = "VodkaJanna", "VodkaJanna\VodkaJanna.csproj", "{1C416933-740D-4F85-8AF3-A3341C690663}"
EndProject
Project("{FAE04EC0-301F-11D3-BF4B-00C04F79EFBC}") = "VodkaTesting", "VodkaTesting\VodkaTesting.csproj", "{97D788FD-BF41-4BF0-97B3-47FCCD197096}"
EndProject
Project("{FAE04EC0-301F-11D3-BF4B-00C04F79EFBC}") = "VodkaGalio", "VodkaGalio\VodkaGalio.csproj", "{F2F6C989-C0A7-4A35-BE4A-3DD0FB22326B}"
EndProject
Project("{FAE04EC0-301F-11D3-BF4B-00C04F79EFBC}") = "VodkaSmite", "VodkaSmite\VodkaSmite.csproj", "{4300F3B5-8E36-4B50-A934-961B46F1D8B2}"
EndProject
Project("{FAE04EC0-301F-11D3-BF4B-00C04F79EFBC}") = "VodkaXinZhao", "VodkaXinZhao\VodkaXinZhao.csproj", "{1F136D4F-0DBB-4C14-8D20-B9DF8B4AD446}"
EndProject
Project("{FAE04EC0-301F-11D3-BF4B-00C04F79EFBC}") = "VodkaDrMundo", "VodkaDrMundo\VodkaDrMundo.csproj", "{021602F5-DFAB-4958-9794-3FC23C32BC70}"
EndProject
Project("{FAE04EC0-301F-11D3-BF4B-00C04F79EFBC}") = "VodkaTwitch", "VodkaTwitch\VodkaTwitch.csproj", "{953456DE-6853-4DF9-B417-0112CC0643C5}"
EndProject
Project("{FAE04EC0-301F-11D3-BF4B-00C04F79EFBC}") = "VodkaAzir", "VodkaAzir\VodkaAzir.csproj", "{D76CD2E6-2880-4EBC-B09F-283C6B32EBFC}"
EndProject
Project("{FAE04EC0-301F-11D3-BF4B-00C04F79EFBC}") = "VodkaTristana", "VodkaTristana\VodkaTristana.csproj", "{067840E5-2DCF-4012-BCFF-AC43D71BEC8B}"
EndProject
Global
	GlobalSection(SolutionConfigurationPlatforms) = preSolution
		Debug|Any CPU = Debug|Any CPU
		Release|Any CPU = Release|Any CPU
	EndGlobalSection
	GlobalSection(ProjectConfigurationPlatforms) = postSolution
		{6CE561E6-368D-4E58-BFBB-77F4E96EF5C5}.Debug|Any CPU.ActiveCfg = Debug|Any CPU
		{6CE561E6-368D-4E58-BFBB-77F4E96EF5C5}.Debug|Any CPU.Build.0 = Debug|Any CPU
		{6CE561E6-368D-4E58-BFBB-77F4E96EF5C5}.Release|Any CPU.ActiveCfg = Release|Any CPU
		{6CE561E6-368D-4E58-BFBB-77F4E96EF5C5}.Release|Any CPU.Build.0 = Release|Any CPU
		{1C416933-740D-4F85-8AF3-A3341C690663}.Debug|Any CPU.ActiveCfg = Debug|Any CPU
		{1C416933-740D-4F85-8AF3-A3341C690663}.Debug|Any CPU.Build.0 = Debug|Any CPU
		{1C416933-740D-4F85-8AF3-A3341C690663}.Release|Any CPU.ActiveCfg = Release|Any CPU
		{1C416933-740D-4F85-8AF3-A3341C690663}.Release|Any CPU.Build.0 = Release|Any CPU
		{97D788FD-BF41-4BF0-97B3-47FCCD197096}.Debug|Any CPU.ActiveCfg = Debug|Any CPU
		{97D788FD-BF41-4BF0-97B3-47FCCD197096}.Debug|Any CPU.Build.0 = Debug|Any CPU
		{97D788FD-BF41-4BF0-97B3-47FCCD197096}.Release|Any CPU.ActiveCfg = Release|Any CPU
		{97D788FD-BF41-4BF0-97B3-47FCCD197096}.Release|Any CPU.Build.0 = Release|Any CPU
		{F2F6C989-C0A7-4A35-BE4A-3DD0FB22326B}.Debug|Any CPU.ActiveCfg = Debug|Any CPU
		{F2F6C989-C0A7-4A35-BE4A-3DD0FB22326B}.Debug|Any CPU.Build.0 = Debug|Any CPU
		{F2F6C989-C0A7-4A35-BE4A-3DD0FB22326B}.Release|Any CPU.ActiveCfg = Release|Any CPU
		{F2F6C989-C0A7-4A35-BE4A-3DD0FB22326B}.Release|Any CPU.Build.0 = Release|Any CPU
		{4300F3B5-8E36-4B50-A934-961B46F1D8B2}.Debug|Any CPU.ActiveCfg = Debug|Any CPU
		{4300F3B5-8E36-4B50-A934-961B46F1D8B2}.Debug|Any CPU.Build.0 = Debug|Any CPU
		{4300F3B5-8E36-4B50-A934-961B46F1D8B2}.Release|Any CPU.ActiveCfg = Release|Any CPU
		{4300F3B5-8E36-4B50-A934-961B46F1D8B2}.Release|Any CPU.Build.0 = Release|Any CPU
		{1F136D4F-0DBB-4C14-8D20-B9DF8B4AD446}.Debug|Any CPU.ActiveCfg = Debug|Any CPU
		{1F136D4F-0DBB-4C14-8D20-B9DF8B4AD446}.Debug|Any CPU.Build.0 = Debug|Any CPU
		{1F136D4F-0DBB-4C14-8D20-B9DF8B4AD446}.Release|Any CPU.ActiveCfg = Release|Any CPU
		{1F136D4F-0DBB-4C14-8D20-B9DF8B4AD446}.Release|Any CPU.Build.0 = Release|Any CPU
		{021602F5-DFAB-4958-9794-3FC23C32BC70}.Debug|Any CPU.ActiveCfg = Debug|Any CPU
		{021602F5-DFAB-4958-9794-3FC23C32BC70}.Debug|Any CPU.Build.0 = Debug|Any CPU
		{021602F5-DFAB-4958-9794-3FC23C32BC70}.Release|Any CPU.ActiveCfg = Release|Any CPU
		{021602F5-DFAB-4958-9794-3FC23C32BC70}.Release|Any CPU.Build.0 = Release|Any CPU
		{953456DE-6853-4DF9-B417-0112CC0643C5}.Debug|Any CPU.ActiveCfg = Debug|Any CPU
		{953456DE-6853-4DF9-B417-0112CC0643C5}.Debug|Any CPU.Build.0 = Debug|Any CPU
		{953456DE-6853-4DF9-B417-0112CC0643C5}.Release|Any CPU.ActiveCfg = Release|Any CPU
		{953456DE-6853-4DF9-B417-0112CC0643C5}.Release|Any CPU.Build.0 = Release|Any CPU
		{D76CD2E6-2880-4EBC-B09F-283C6B32EBFC}.Debug|Any CPU.ActiveCfg = Debug|Any CPU
		{D76CD2E6-2880-4EBC-B09F-283C6B32EBFC}.Debug|Any CPU.Build.0 = Debug|Any CPU
		{D76CD2E6-2880-4EBC-B09F-283C6B32EBFC}.Release|Any CPU.ActiveCfg = Release|Any CPU
		{D76CD2E6-2880-4EBC-B09F-283C6B32EBFC}.Release|Any CPU.Build.0 = Release|Any CPU
		{067840E5-2DCF-4012-BCFF-AC43D71BEC8B}.Debug|Any CPU.ActiveCfg = Debug|Any CPU
		{067840E5-2DCF-4012-BCFF-AC43D71BEC8B}.Debug|Any CPU.Build.0 = Debug|Any CPU
		{067840E5-2DCF-4012-BCFF-AC43D71BEC8B}.Release|Any CPU.ActiveCfg = Release|Any CPU
		{067840E5-2DCF-4012-BCFF-AC43D71BEC8B}.Release|Any CPU.Build.0 = Release|Any CPU
	EndGlobalSection
	GlobalSection(SolutionProperties) = preSolution
		HideSolutionNode = FALSE
	EndGlobalSection
EndGlobal
